// !$*UTF8*$!
{
	archiveVersion = 1;
	classes = {
	};
	objectVersion = 50;
	objects = {

/* Begin PBXBuildFile section */
		28875D172171DC810030C53B /* HandleAlamofireResponse.swift in Sources */ = {isa = PBXBuildFile; fileRef = 28875D162171DC810030C53B /* HandleAlamofireResponse.swift */; };
		28875D192171DCBD0030C53B /* TimeLineRouter.swift in Sources */ = {isa = PBXBuildFile; fileRef = 28875D182171DCBD0030C53B /* TimeLineRouter.swift */; };
		28875D1B2171DFA40030C53B /* URLRequestBuilder.swift in Sources */ = {isa = PBXBuildFile; fileRef = 28875D1A2171DFA40030C53B /* URLRequestBuilder.swift */; };
		28875D1D2171E6630030C53B /* APIRequestHandler.swift in Sources */ = {isa = PBXBuildFile; fileRef = 28875D1C2171E6630030C53B /* APIRequestHandler.swift */; };
		28875D1F2171E6D80030C53B /* CodableInit.swift in Sources */ = {isa = PBXBuildFile; fileRef = 28875D1E2171E6D80030C53B /* CodableInit.swift */; };
		28875D212171E71F0030C53B /* ServerResponse.swift in Sources */ = {isa = PBXBuildFile; fileRef = 28875D202171E71F0030C53B /* ServerResponse.swift */; };
		28C5B0B02170F48600C6D322 /* AppDelegate.swift in Sources */ = {isa = PBXBuildFile; fileRef = 28C5B0AF2170F48600C6D322 /* AppDelegate.swift */; };
		28C5B0B52170F48600C6D322 /* Main.storyboard in Resources */ = {isa = PBXBuildFile; fileRef = 28C5B0B32170F48600C6D322 /* Main.storyboard */; };
		28C5B0B72170F48800C6D322 /* Assets.xcassets in Resources */ = {isa = PBXBuildFile; fileRef = 28C5B0B62170F48800C6D322 /* Assets.xcassets */; };
		28C5B0BA2170F48800C6D322 /* LaunchScreen.storyboard in Resources */ = {isa = PBXBuildFile; fileRef = 28C5B0B82170F48800C6D322 /* LaunchScreen.storyboard */; };
		28C5B0C42170F7A200C6D322 /* TimeLineTableViewController.swift in Sources */ = {isa = PBXBuildFile; fileRef = 28C5B0C32170F7A200C6D322 /* TimeLineTableViewController.swift */; };
		28C5B0C62170F7FE00C6D322 /* TimeLine.swift in Sources */ = {isa = PBXBuildFile; fileRef = 28C5B0C52170F7FE00C6D322 /* TimeLine.swift */; };
		785D1CBF18DF43D5886D50E4 /* Pods_SwiftCairoNetworking.framework in Frameworks */ = {isa = PBXBuildFile; fileRef = 693B6B792DC5E427A9E764CC /* Pods_SwiftCairoNetworking.framework */; };
/* End PBXBuildFile section */

/* Begin PBXFileReference section */
		28875D162171DC810030C53B /* HandleAlamofireResponse.swift */ = {isa = PBXFileReference; lastKnownFileType = sourcecode.swift; path = HandleAlamofireResponse.swift; sourceTree = "<group>"; };
		28875D182171DCBD0030C53B /* TimeLineRouter.swift */ = {isa = PBXFileReference; lastKnownFileType = sourcecode.swift; path = TimeLineRouter.swift; sourceTree = "<group>"; };
		28875D1A2171DFA40030C53B /* URLRequestBuilder.swift */ = {isa = PBXFileReference; lastKnownFileType = sourcecode.swift; path = URLRequestBuilder.swift; sourceTree = "<group>"; };
		28875D1C2171E6630030C53B /* APIRequestHandler.swift */ = {isa = PBXFileReference; lastKnownFileType = sourcecode.swift; path = APIRequestHandler.swift; sourceTree = "<group>"; };
		28875D1E2171E6D80030C53B /* CodableInit.swift */ = {isa = PBXFileReference; lastKnownFileType = sourcecode.swift; path = CodableInit.swift; sourceTree = "<group>"; };
		28875D202171E71F0030C53B /* ServerResponse.swift */ = {isa = PBXFileReference; lastKnownFileType = sourcecode.swift; path = ServerResponse.swift; sourceTree = "<group>"; };
		28C5B0AC2170F48600C6D322 /* SwiftCairoNetworking.app */ = {isa = PBXFileReference; explicitFileType = wrapper.application; includeInIndex = 0; path = SwiftCairoNetworking.app; sourceTree = BUILT_PRODUCTS_DIR; };
		28C5B0AF2170F48600C6D322 /* AppDelegate.swift */ = {isa = PBXFileReference; lastKnownFileType = sourcecode.swift; path = AppDelegate.swift; sourceTree = "<group>"; };
		28C5B0B42170F48600C6D322 /* Base */ = {isa = PBXFileReference; lastKnownFileType = file.storyboard; name = Base; path = Base.lproj/Main.storyboard; sourceTree = "<group>"; };
		28C5B0B62170F48800C6D322 /* Assets.xcassets */ = {isa = PBXFileReference; lastKnownFileType = folder.assetcatalog; path = Assets.xcassets; sourceTree = "<group>"; };
		28C5B0B92170F48800C6D322 /* Base */ = {isa = PBXFileReference; lastKnownFileType = file.storyboard; name = Base; path = Base.lproj/LaunchScreen.storyboard; sourceTree = "<group>"; };
		28C5B0BB2170F48800C6D322 /* Info.plist */ = {isa = PBXFileReference; lastKnownFileType = text.plist.xml; path = Info.plist; sourceTree = "<group>"; };
		28C5B0C32170F7A200C6D322 /* TimeLineTableViewController.swift */ = {isa = PBXFileReference; lastKnownFileType = sourcecode.swift; path = TimeLineTableViewController.swift; sourceTree = "<group>"; };
		28C5B0C52170F7FE00C6D322 /* TimeLine.swift */ = {isa = PBXFileReference; lastKnownFileType = sourcecode.swift; path = TimeLine.swift; sourceTree = "<group>"; };
		33945B7FBAB93E80C7026E13 /* Pods-SwiftCairoNetworking.debug.xcconfig */ = {isa = PBXFileReference; includeInIndex = 1; lastKnownFileType = text.xcconfig; name = "Pods-SwiftCairoNetworking.debug.xcconfig"; path = "Target Support Files/Pods-SwiftCairoNetworking/Pods-SwiftCairoNetworking.debug.xcconfig"; sourceTree = "<group>"; };
		693B6B792DC5E427A9E764CC /* Pods_SwiftCairoNetworking.framework */ = {isa = PBXFileReference; explicitFileType = wrapper.framework; includeInIndex = 0; path = Pods_SwiftCairoNetworking.framework; sourceTree = BUILT_PRODUCTS_DIR; };
		DD00011403D3E68C8DC19D87 /* Pods-SwiftCairoNetworking.release.xcconfig */ = {isa = PBXFileReference; includeInIndex = 1; lastKnownFileType = text.xcconfig; name = "Pods-SwiftCairoNetworking.release.xcconfig"; path = "Target Support Files/Pods-SwiftCairoNetworking/Pods-SwiftCairoNetworking.release.xcconfig"; sourceTree = "<group>"; };
/* End PBXFileReference section */

/* Begin PBXFrameworksBuildPhase section */
		28C5B0A92170F48600C6D322 /* Frameworks */ = {
			isa = PBXFrameworksBuildPhase;
			buildActionMask = 2147483647;
			files = (
				785D1CBF18DF43D5886D50E4 /* Pods_SwiftCairoNetworking.framework in Frameworks */,
			);
			runOnlyForDeploymentPostprocessing = 0;
		};
/* End PBXFrameworksBuildPhase section */

/* Begin PBXGroup section */
		1977E366A9967CB461073631 /* Pods */ = {
			isa = PBXGroup;
			children = (
				33945B7FBAB93E80C7026E13 /* Pods-SwiftCairoNetworking.debug.xcconfig */,
				DD00011403D3E68C8DC19D87 /* Pods-SwiftCairoNetworking.release.xcconfig */,
			);
			path = Pods;
			sourceTree = "<group>";
		};
		28875D222171F1190030C53B /* Network Layer */ = {
			isa = PBXGroup;
			children = (
				28875D232171F1260030C53B /* Routers */,
				28875D1A2171DFA40030C53B /* URLRequestBuilder.swift */,
				28875D162171DC810030C53B /* HandleAlamofireResponse.swift */,
				28875D1C2171E6630030C53B /* APIRequestHandler.swift */,
				28875D1E2171E6D80030C53B /* CodableInit.swift */,
				28875D202171E71F0030C53B /* ServerResponse.swift */,
			);
			path = "Network Layer";
			sourceTree = "<group>";
		};
		28875D232171F1260030C53B /* Routers */ = {
			isa = PBXGroup;
			children = (
				28875D182171DCBD0030C53B /* TimeLineRouter.swift */,
			);
			path = Routers;
			sourceTree = "<group>";
		};
		28C5B0A32170F48600C6D322 = {
			isa = PBXGroup;
			children = (
				28C5B0AE2170F48600C6D322 /* SwiftCairoNetworking */,
				28C5B0AD2170F48600C6D322 /* Products */,
				1977E366A9967CB461073631 /* Pods */,
				5757ACF63459E6182324FB2F /* Frameworks */,
			);
			sourceTree = "<group>";
		};
		28C5B0AD2170F48600C6D322 /* Products */ = {
			isa = PBXGroup;
			children = (
				28C5B0AC2170F48600C6D322 /* SwiftCairoNetworking.app */,
			);
			name = Products;
			sourceTree = "<group>";
		};
		28C5B0AE2170F48600C6D322 /* SwiftCairoNetworking */ = {
			isa = PBXGroup;
			children = (
				28875D222171F1190030C53B /* Network Layer */,
				28C5B0AF2170F48600C6D322 /* AppDelegate.swift */,
				28C5B0B32170F48600C6D322 /* Main.storyboard */,
				28C5B0C52170F7FE00C6D322 /* TimeLine.swift */,
				28C5B0B62170F48800C6D322 /* Assets.xcassets */,
				28C5B0B82170F48800C6D322 /* LaunchScreen.storyboard */,
				28C5B0BB2170F48800C6D322 /* Info.plist */,
				28C5B0C32170F7A200C6D322 /* TimeLineTableViewController.swift */,
			);
			path = SwiftCairoNetworking;
			sourceTree = "<group>";
		};
		5757ACF63459E6182324FB2F /* Frameworks */ = {
			isa = PBXGroup;
			children = (
				693B6B792DC5E427A9E764CC /* Pods_SwiftCairoNetworking.framework */,
			);
			name = Frameworks;
			sourceTree = "<group>";
		};
/* End PBXGroup section */

/* Begin PBXNativeTarget section */
		28C5B0AB2170F48600C6D322 /* SwiftCairoNetworking */ = {
			isa = PBXNativeTarget;
			buildConfigurationList = 28C5B0BE2170F48800C6D322 /* Build configuration list for PBXNativeTarget "SwiftCairoNetworking" */;
			buildPhases = (
				F18351831F0B86587E61DA85 /* [CP] Check Pods Manifest.lock */,
				28C5B0A82170F48600C6D322 /* Sources */,
				28C5B0A92170F48600C6D322 /* Frameworks */,
				28C5B0AA2170F48600C6D322 /* Resources */,
				9DA786E50BEC4EE133D15D7F /* [CP] Embed Pods Frameworks */,
			);
			buildRules = (
			);
			dependencies = (
			);
			name = SwiftCairoNetworking;
			productName = SwiftCairoNetworking;
			productReference = 28C5B0AC2170F48600C6D322 /* SwiftCairoNetworking.app */;
			productType = "com.apple.product-type.application";
		};
/* End PBXNativeTarget section */

/* Begin PBXProject section */
		28C5B0A42170F48600C6D322 /* Project object */ = {
			isa = PBXProject;
			attributes = {
				LastSwiftUpdateCheck = 0940;
				LastUpgradeCheck = 0940;
				ORGANIZATIONNAME = "Mostafa Akram";
				TargetAttributes = {
					28C5B0AB2170F48600C6D322 = {
						CreatedOnToolsVersion = 9.4.1;
					};
				};
			};
			buildConfigurationList = 28C5B0A72170F48600C6D322 /* Build configuration list for PBXProject "SwiftCairoNetworking" */;
			compatibilityVersion = "Xcode 9.3";
			developmentRegion = en;
			hasScannedForEncodings = 0;
			knownRegions = (
				en,
				Base,
			);
			mainGroup = 28C5B0A32170F48600C6D322;
			productRefGroup = 28C5B0AD2170F48600C6D322 /* Products */;
			projectDirPath = "";
			projectRoot = "";
			targets = (
				28C5B0AB2170F48600C6D322 /* SwiftCairoNetworking */,
			);
		};
/* End PBXProject section */

/* Begin PBXResourcesBuildPhase section */
		28C5B0AA2170F48600C6D322 /* Resources */ = {
			isa = PBXResourcesBuildPhase;
			buildActionMask = 2147483647;
			files = (
				28C5B0BA2170F48800C6D322 /* LaunchScreen.storyboard in Resources */,
				28C5B0B72170F48800C6D322 /* Assets.xcassets in Resources */,
				28C5B0B52170F48600C6D322 /* Main.storyboard in Resources */,
			);
			runOnlyForDeploymentPostprocessing = 0;
		};
/* End PBXResourcesBuildPhase section */

/* Begin PBXShellScriptBuildPhase section */
		9DA786E50BEC4EE133D15D7F /* [CP] Embed Pods Frameworks */ = {
			isa = PBXShellScriptBuildPhase;
			buildActionMask = 2147483647;
			files = (
			);
			inputPaths = (
				"${PODS_ROOT}/Target Support Files/Pods-SwiftCairoNetworking/Pods-SwiftCairoNetworking-frameworks.sh",
				"${BUILT_PRODUCTS_DIR}/Alamofire/Alamofire.framework",
			);
			name = "[CP] Embed Pods Frameworks";
			outputPaths = (
				"${TARGET_BUILD_DIR}/${FRAMEWORKS_FOLDER_PATH}/Alamofire.framework",
			);
			runOnlyForDeploymentPostprocessing = 0;
			shellPath = /bin/sh;
			shellScript = "\"${PODS_ROOT}/Target Support Files/Pods-SwiftCairoNetworking/Pods-SwiftCairoNetworking-frameworks.sh\"\n";
			showEnvVarsInLog = 0;
		};
		F18351831F0B86587E61DA85 /* [CP] Check Pods Manifest.lock */ = {
			isa = PBXShellScriptBuildPhase;
			buildActionMask = 2147483647;
			files = (
			);
			inputPaths = (
				"${PODS_PODFILE_DIR_PATH}/Podfile.lock",
				"${PODS_ROOT}/Manifest.lock",
			);
			name = "[CP] Check Pods Manifest.lock";
			outputPaths = (
				"$(DERIVED_FILE_DIR)/Pods-SwiftCairoNetworking-checkManifestLockResult.txt",
			);
			runOnlyForDeploymentPostprocessing = 0;
			shellPath = /bin/sh;
			shellScript = "diff \"${PODS_PODFILE_DIR_PATH}/Podfile.lock\" \"${PODS_ROOT}/Manifest.lock\" > /dev/null\nif [ $? != 0 ] ; then\n    # print error to STDERR\n    echo \"error: The sandbox is not in sync with the Podfile.lock. Run 'pod install' or update your CocoaPods installation.\" >&2\n    exit 1\nfi\n# This output is used by Xcode 'outputs' to avoid re-running this script phase.\necho \"SUCCESS\" > \"${SCRIPT_OUTPUT_FILE_0}\"\n";
			showEnvVarsInLog = 0;
		};
/* End PBXShellScriptBuildPhase section */

/* Begin PBXSourcesBuildPhase section */
		28C5B0A82170F48600C6D322 /* Sources */ = {
			isa = PBXSourcesBuildPhase;
			buildActionMask = 2147483647;
			files = (
				28875D1B2171DFA40030C53B /* URLRequestBuilder.swift in Sources */,
				28C5B0C62170F7FE00C6D322 /* TimeLine.swift in Sources */,
				28875D1F2171E6D80030C53B /* CodableInit.swift in Sources */,
				28875D192171DCBD0030C53B /* TimeLineRouter.swift in Sources */,
				28875D1D2171E6630030C53B /* APIRequestHandler.swift in Sources */,
				28C5B0B02170F48600C6D322 /* AppDelegate.swift in Sources */,
				28875D172171DC810030C53B /* HandleAlamofireResponse.swift in Sources */,
				28C5B0C42170F7A200C6D322 /* TimeLineTableViewController.swift in Sources */,
				28875D212171E71F0030C53B /* ServerResponse.swift in Sources */,
			);
			runOnlyForDeploymentPostprocessing = 0;
		};
/* End PBXSourcesBuildPhase section */

/* Begin PBXVariantGroup section */
		28C5B0B32170F48600C6D322 /* Main.storyboard */ = {
			isa = PBXVariantGroup;
			children = (
				28C5B0B42170F48600C6D322 /* Base */,
			);
			name = Main.storyboard;
			sourceTree = "<group>";
		};
		28C5B0B82170F48800C6D322 /* LaunchScreen.storyboard */ = {
			isa = PBXVariantGroup;
			children = (
				28C5B0B92170F48800C6D322 /* Base */,
			);
			name = LaunchScreen.storyboard;
			sourceTree = "<group>";
		};
/* End PBXVariantGroup section */

/* Begin XCBuildConfiguration section */
		28C5B0BC2170F48800C6D322 /* Debug */ = {
			isa = XCBuildConfiguration;
			buildSettings = {
				ALWAYS_SEARCH_USER_PATHS = NO;
				CLANG_ANALYZER_NONNULL = YES;
				CLANG_ANALYZER_NUMBER_OBJECT_CONVERSION = YES_AGGRESSIVE;
				CLANG_CXX_LANGUAGE_STANDARD = "gnu++14";
				CLANG_CXX_LIBRARY = "libc++";
				CLANG_ENABLE_MODULES = YES;
				CLANG_ENABLE_OBJC_ARC = YES;
				CLANG_ENABLE_OBJC_WEAK = YES;
				CLANG_WARN_BLOCK_CAPTURE_AUTORELEASING = YES;
				CLANG_WARN_BOOL_CONVERSION = YES;
				CLANG_WARN_COMMA = YES;
				CLANG_WARN_CONSTANT_CONVERSION = YES;
				CLANG_WARN_DEPRECATED_OBJC_IMPLEMENTATIONS = YES;
				CLANG_WARN_DIRECT_OBJC_ISA_USAGE = YES_ERROR;
				CLANG_WARN_DOCUMENTATION_COMMENTS = YES;
				CLANG_WARN_EMPTY_BODY = YES;
				CLANG_WARN_ENUM_CONVERSION = YES;
				CLANG_WARN_INFINITE_RECURSION = YES;
				CLANG_WARN_INT_CONVERSION = YES;
				CLANG_WARN_NON_LITERAL_NULL_CONVERSION = YES;
				CLANG_WARN_OBJC_IMPLICIT_RETAIN_SELF = YES;
				CLANG_WARN_OBJC_LITERAL_CONVERSION = YES;
				CLANG_WARN_OBJC_ROOT_CLASS = YES_ERROR;
				CLANG_WARN_RANGE_LOOP_ANALYSIS = YES;
				CLANG_WARN_STRICT_PROTOTYPES = YES;
				CLANG_WARN_SUSPICIOUS_MOVE = YES;
				CLANG_WARN_UNGUARDED_AVAILABILITY = YES_AGGRESSIVE;
				CLANG_WARN_UNREACHABLE_CODE = YES;
				CLANG_WARN__DUPLICATE_METHOD_MATCH = YES;
				CODE_SIGN_IDENTITY = "iPhone Developer";
				COPY_PHASE_STRIP = NO;
				DEBUG_INFORMATION_FORMAT = dwarf;
				ENABLE_STRICT_OBJC_MSGSEND = YES;
				ENABLE_TESTABILITY = YES;
				GCC_C_LANGUAGE_STANDARD = gnu11;
				GCC_DYNAMIC_NO_PIC = NO;
				GCC_NO_COMMON_BLOCKS = YES;
				GCC_OPTIMIZATION_LEVEL = 0;
				GCC_PREPROCESSOR_DEFINITIONS = (
					"DEBUG=1",
					"$(inherited)",
				);
				GCC_WARN_64_TO_32_BIT_CONVERSION = YES;
				GCC_WARN_ABOUT_RETURN_TYPE = YES_ERROR;
				GCC_WARN_UNDECLARED_SELECTOR = YES;
				GCC_WARN_UNINITIALIZED_AUTOS = YES_AGGRESSIVE;
				GCC_WARN_UNUSED_FUNCTION = YES;
				GCC_WARN_UNUSED_VARIABLE = YES;
				IPHONEOS_DEPLOYMENT_TARGET = 11.4;
				MTL_ENABLE_DEBUG_INFO = YES;
				ONLY_ACTIVE_ARCH = YES;
				SDKROOT = iphoneos;
				SWIFT_ACTIVE_COMPILATION_CONDITIONS = DEBUG;
				SWIFT_OPTIMIZATION_LEVEL = "-Onone";
			};
			name = Debug;
		};
		28C5B0BD2170F48800C6D322 /* Release */ = {
			isa = XCBuildConfiguration;
			buildSettings = {
				ALWAYS_SEARCH_USER_PATHS = NO;
				CLANG_ANALYZER_NONNULL = YES;
				CLANG_ANALYZER_NUMBER_OBJECT_CONVERSION = YES_AGGRESSIVE;
				CLANG_CXX_LANGUAGE_STANDARD = "gnu++14";
				CLANG_CXX_LIBRARY = "libc++";
				CLANG_ENABLE_MODULES = YES;
				CLANG_ENABLE_OBJC_ARC = YES;
				CLANG_ENABLE_OBJC_WEAK = YES;
				CLANG_WARN_BLOCK_CAPTURE_AUTORELEASING = YES;
				CLANG_WARN_BOOL_CONVERSION = YES;
				CLANG_WARN_COMMA = YES;
				CLANG_WARN_CONSTANT_CONVERSION = YES;
				CLANG_WARN_DEPRECATED_OBJC_IMPLEMENTATIONS = YES;
				CLANG_WARN_DIRECT_OBJC_ISA_USAGE = YES_ERROR;
				CLANG_WARN_DOCUMENTATION_COMMENTS = YES;
				CLANG_WARN_EMPTY_BODY = YES;
				CLANG_WARN_ENUM_CONVERSION = YES;
				CLANG_WARN_INFINITE_RECURSION = YES;
				CLANG_WARN_INT_CONVERSION = YES;
				CLANG_WARN_NON_LITERAL_NULL_CONVERSION = YES;
				CLANG_WARN_OBJC_IMPLICIT_RETAIN_SELF = YES;
				CLANG_WARN_OBJC_LITERAL_CONVERSION = YES;
				CLANG_WARN_OBJC_ROOT_CLASS = YES_ERROR;
				CLANG_WARN_RANGE_LOOP_ANALYSIS = YES;
				CLANG_WARN_STRICT_PROTOTYPES = YES;
				CLANG_WARN_SUSPICIOUS_MOVE = YES;
				CLANG_WARN_UNGUARDED_AVAILABILITY = YES_AGGRESSIVE;
				CLANG_WARN_UNREACHABLE_CODE = YES;
				CLANG_WARN__DUPLICATE_METHOD_MATCH = YES;
				CODE_SIGN_IDENTITY = "iPhone Developer";
				COPY_PHASE_STRIP = NO;
				DEBUG_INFORMATION_FORMAT = "dwarf-with-dsym";
				ENABLE_NS_ASSERTIONS = NO;
				ENABLE_STRICT_OBJC_MSGSEND = YES;
				GCC_C_LANGUAGE_STANDARD = gnu11;
				GCC_NO_COMMON_BLOCKS = YES;
				GCC_WARN_64_TO_32_BIT_CONVERSION = YES;
				GCC_WARN_ABOUT_RETURN_TYPE = YES_ERROR;
				GCC_WARN_UNDECLARED_SELECTOR = YES;
				GCC_WARN_UNINITIALIZED_AUTOS = YES_AGGRESSIVE;
				GCC_WARN_UNUSED_FUNCTION = YES;
				GCC_WARN_UNUSED_VARIABLE = YES;
				IPHONEOS_DEPLOYMENT_TARGET = 11.4;
				MTL_ENABLE_DEBUG_INFO = NO;
				SDKROOT = iphoneos;
				SWIFT_COMPILATION_MODE = wholemodule;
				SWIFT_OPTIMIZATION_LEVEL = "-O";
				VALIDATE_PRODUCT = YES;
			};
			name = Release;
		};
		28C5B0BF2170F48800C6D322 /* Debug */ = {
			isa = XCBuildConfiguration;
			baseConfigurationReference = 33945B7FBAB93E80C7026E13 /* Pods-SwiftCairoNetworking.debug.xcconfig */;
			buildSettings = {
				ASSETCATALOG_COMPILER_APPICON_NAME = AppIcon;
				CODE_SIGN_STYLE = Automatic;
				DEVELOPMENT_TEAM = 7T89TCK24T;
				INFOPLIST_FILE = SwiftCairoNetworking/Info.plist;
				LD_RUNPATH_SEARCH_PATHS = (
					"$(inherited)",
					"@executable_path/Frameworks",
				);
				PRODUCT_BUNDLE_IDENTIFIER = com.mostafakram.SwiftCairoNetworking;
				PRODUCT_NAME = "$(TARGET_NAME)";
				SWIFT_VERSION = 4.0;
				TARGETED_DEVICE_FAMILY = "1,2";
			};
			name = Debug;
		};
		28C5B0C02170F48800C6D322 /* Release */ = {
			isa = XCBuildConfiguration;
			baseConfigurationReference = DD00011403D3E68C8DC19D87 /* Pods-SwiftCairoNetworking.release.xcconfig */;
			buildSettings = {
				ASSETCATALOG_COMPILER_APPICON_NAME = AppIcon;
				CODE_SIGN_STYLE = Automatic;
				DEVELOPMENT_TEAM = 7T89TCK24T;
				INFOPLIST_FILE = SwiftCairoNetworking/Info.plist;
				LD_RUNPATH_SEARCH_PATHS = (
					"$(inherited)",
					"@executable_path/Frameworks",
				);
				PRODUCT_BUNDLE_IDENTIFIER = com.mostafakram.SwiftCairoNetworking;
				PRODUCT_NAME = "$(TARGET_NAME)";
				SWIFT_VERSION = 4.0;
				TARGETED_DEVICE_FAMILY = "1,2";
			};
			name = Release;
		};
/* End XCBuildConfiguration section */

/* Begin XCConfigurationList section */
		28C5B0A72170F48600C6D322 /* Build configuration list for PBXProject "SwiftCairoNetworking" */ = {
			isa = XCConfigurationList;
			buildConfigurations = (
				28C5B0BC2170F48800C6D322 /* Debug */,
				28C5B0BD2170F48800C6D322 /* Release */,
			);
			defaultConfigurationIsVisible = 0;
			defaultConfigurationName = Release;
		};
		28C5B0BE2170F48800C6D322 /* Build configuration list for PBXNativeTarget "SwiftCairoNetworking" */ = {
			isa = XCConfigurationList;
			buildConfigurations = (
				28C5B0BF2170F48800C6D322 /* Debug */,
				28C5B0C02170F48800C6D322 /* Release */,
			);
			defaultConfigurationIsVisible = 0;
			defaultConfigurationName = Release;
		};
/* End XCConfigurationList section */
	};
	rootObject = 28C5B0A42170F48600C6D322 /* Project object */;
}
